// !$*UTF8*$!
{
	archiveVersion = 1;
	classes = {
	};
	objectVersion = 46;
	objects = {

/* Begin PBXBuildFile section */
		85F3182F1EE4334F004EDB15 /* AppDelegate.swift in Sources */ = {isa = PBXBuildFile; fileRef = 85F3182E1EE4334F004EDB15 /* AppDelegate.swift */; };
		85F318311EE4334F004EDB15 /* ViewController.swift in Sources */ = {isa = PBXBuildFile; fileRef = 85F318301EE4334F004EDB15 /* ViewController.swift */; };
		85F318341EE4334F004EDB15 /* Main.storyboard in Resources */ = {isa = PBXBuildFile; fileRef = 85F318321EE4334F004EDB15 /* Main.storyboard */; };
		85F318361EE4334F004EDB15 /* Images.xcassets in Resources */ = {isa = PBXBuildFile; fileRef = 85F318351EE4334F004EDB15 /* Images.xcassets */; };
		85F318391EE4334F004EDB15 /* LaunchScreen.xib in Resources */ = {isa = PBXBuildFile; fileRef = 85F318371EE4334F004EDB15 /* LaunchScreen.xib */; };
		85F318451EE4334F004EDB15 /* Ejercicio01Modulo4Tests.swift in Sources */ = {isa = PBXBuildFile; fileRef = 85F318441EE4334F004EDB15 /* Ejercicio01Modulo4Tests.swift */; };
/* End PBXBuildFile section */

/* Begin PBXContainerItemProxy section */
		85F3183F1EE4334F004EDB15 /* PBXContainerItemProxy */ = {
			isa = PBXContainerItemProxy;
			containerPortal = 85F318211EE4334E004EDB15 /* Project object */;
			proxyType = 1;
			remoteGlobalIDString = 85F318281EE4334E004EDB15;
			remoteInfo = Ejercicio01Modulo4;
		};
/* End PBXContainerItemProxy section */

/* Begin PBXFileReference section */
		85F318291EE4334E004EDB15 /* Ejercicio01Modulo4.app */ = {isa = PBXFileReference; explicitFileType = wrapper.application; includeInIndex = 0; path = Ejercicio01Modulo4.app; sourceTree = BUILT_PRODUCTS_DIR; };
		85F3182D1EE4334E004EDB15 /* Info.plist */ = {isa = PBXFileReference; lastKnownFileType = text.plist.xml; path = Info.plist; sourceTree = "<group>"; };
		85F3182E1EE4334F004EDB15 /* AppDelegate.swift */ = {isa = PBXFileReference; lastKnownFileType = sourcecode.swift; path = AppDelegate.swift; sourceTree = "<group>"; };
		85F318301EE4334F004EDB15 /* ViewController.swift */ = {isa = PBXFileReference; lastKnownFileType = sourcecode.swift; path = ViewController.swift; sourceTree = "<group>"; };
		85F318331EE4334F004EDB15 /* Base */ = {isa = PBXFileReference; lastKnownFileType = file.storyboard; name = Base; path = Base.lproj/Main.storyboard; sourceTree = "<group>"; };
		85F318351EE4334F004EDB15 /* Images.xcassets */ = {isa = PBXFileReference; lastKnownFileType = folder.assetcatalog; path = Images.xcassets; sourceTree = "<group>"; };
		85F318381EE4334F004EDB15 /* Base */ = {isa = PBXFileReference; lastKnownFileType = file.xib; name = Base; path = Base.lproj/LaunchScreen.xib; sourceTree = "<group>"; };
		85F3183E1EE4334F004EDB15 /* Ejercicio01Modulo4Tests.xctest */ = {isa = PBXFileReference; explicitFileType = wrapper.cfbundle; includeInIndex = 0; path = Ejercicio01Modulo4Tests.xctest; sourceTree = BUILT_PRODUCTS_DIR; };
		85F318431EE4334F004EDB15 /* Info.plist */ = {isa = PBXFileReference; lastKnownFileType = text.plist.xml; path = Info.plist; sourceTree = "<group>"; };
		85F318441EE4334F004EDB15 /* Ejercicio01Modulo4Tests.swift */ = {isa = PBXFileReference; lastKnownFileType = sourcecode.swift; path = Ejercicio01Modulo4Tests.swift; sourceTree = "<group>"; };
/* End PBXFileReference section */

/* Begin PBXFrameworksBuildPhase section */
		85F318261EE4334E004EDB15 /* Frameworks */ = {
			isa = PBXFrameworksBuildPhase;
			buildActionMask = 2147483647;
			files = (
			);
			runOnlyForDeploymentPostprocessing = 0;
		};
		85F3183B1EE4334F004EDB15 /* Frameworks */ = {
			isa = PBXFrameworksBuildPhase;
			buildActionMask = 2147483647;
			files = (
			);
			runOnlyForDeploymentPostprocessing = 0;
		};
/* End PBXFrameworksBuildPhase section */

/* Begin PBXGroup section */
		85F318201EE4334E004EDB15 = {
			isa = PBXGroup;
			children = (
				85F3182B1EE4334E004EDB15 /* Ejercicio01Modulo4 */,
				85F318411EE4334F004EDB15 /* Ejercicio01Modulo4Tests */,
				85F3182A1EE4334E004EDB15 /* Products */,
			);
			sourceTree = "<group>";
		};
		85F3182A1EE4334E004EDB15 /* Products */ = {
			isa = PBXGroup;
			children = (
				85F318291EE4334E004EDB15 /* Ejercicio01Modulo4.app */,
				85F3183E1EE4334F004EDB15 /* Ejercicio01Modulo4Tests.xctest */,
			);
			name = Products;
			sourceTree = "<group>";
		};
		85F3182B1EE4334E004EDB15 /* Ejercicio01Modulo4 */ = {
			isa = PBXGroup;
			children = (
				85F3182E1EE4334F004EDB15 /* AppDelegate.swift */,
				85F318301EE4334F004EDB15 /* ViewController.swift */,
				85F318321EE4334F004EDB15 /* Main.storyboard */,
				85F318351EE4334F004EDB15 /* Images.xcassets */,
				85F318371EE4334F004EDB15 /* LaunchScreen.xib */,
				85F3182C1EE4334E004EDB15 /* Supporting Files */,
			);
			path = Ejercicio01Modulo4;
			sourceTree = "<group>";
		};
		85F3182C1EE4334E004EDB15 /* Supporting Files */ = {
			isa = PBXGroup;
			children = (
				85F3182D1EE4334E004EDB15 /* Info.plist */,
			);
			name = "Supporting Files";
			sourceTree = "<group>";
		};
		85F318411EE4334F004EDB15 /* Ejercicio01Modulo4Tests */ = {
			isa = PBXGroup;
			children = (
				85F318441EE4334F004EDB15 /* Ejercicio01Modulo4Tests.swift */,
				85F318421EE4334F004EDB15 /* Supporting Files */,
			);
			path = Ejercicio01Modulo4Tests;
			sourceTree = "<group>";
		};
		85F318421EE4334F004EDB15 /* Supporting Files */ = {
			isa = PBXGroup;
			children = (
				85F318431EE4334F004EDB15 /* Info.plist */,
			);
			name = "Supporting Files";
			sourceTree = "<group>";
		};
/* End PBXGroup section */

/* Begin PBXNativeTarget section */
		85F318281EE4334E004EDB15 /* Ejercicio01Modulo4 */ = {
			isa = PBXNativeTarget;
			buildConfigurationList = 85F318481EE4334F004EDB15 /* Build configuration list for PBXNativeTarget "Ejercicio01Modulo4" */;
			buildPhases = (
				85F318251EE4334E004EDB15 /* Sources */,
				85F318261EE4334E004EDB15 /* Frameworks */,
				85F318271EE4334E004EDB15 /* Resources */,
			);
			buildRules = (
			);
			dependencies = (
			);
			name = Ejercicio01Modulo4;
			productName = Ejercicio01Modulo4;
			productReference = 85F318291EE4334E004EDB15 /* Ejercicio01Modulo4.app */;
			productType = "com.apple.product-type.application";
		};
		85F3183D1EE4334F004EDB15 /* Ejercicio01Modulo4Tests */ = {
			isa = PBXNativeTarget;
			buildConfigurationList = 85F3184B1EE4334F004EDB15 /* Build configuration list for PBXNativeTarget "Ejercicio01Modulo4Tests" */;
			buildPhases = (
				85F3183A1EE4334F004EDB15 /* Sources */,
				85F3183B1EE4334F004EDB15 /* Frameworks */,
				85F3183C1EE4334F004EDB15 /* Resources */,
			);
			buildRules = (
			);
			dependencies = (
				85F318401EE4334F004EDB15 /* PBXTargetDependency */,
			);
			name = Ejercicio01Modulo4Tests;
			productName = Ejercicio01Modulo4Tests;
			productReference = 85F3183E1EE4334F004EDB15 /* Ejercicio01Modulo4Tests.xctest */;
			productType = "com.apple.product-type.bundle.unit-test";
		};
/* End PBXNativeTarget section */

/* Begin PBXProject section */
		85F318211EE4334E004EDB15 /* Project object */ = {
			isa = PBXProject;
			attributes = {
				LastUpgradeCheck = 0640;
				ORGANIZATIONNAME = ucla.dcty.fomento;
				TargetAttributes = {
					85F318281EE4334E004EDB15 = {
						CreatedOnToolsVersion = 6.4;
					};
					85F3183D1EE4334F004EDB15 = {
						CreatedOnToolsVersion = 6.4;
						TestTargetID = 85F318281EE4334E004EDB15;
					};
				};
			};
			buildConfigurationList = 85F318241EE4334E004EDB15 /* Build configuration list for PBXProject "Ejercicio01Modulo4" */;
			compatibilityVersion = "Xcode 3.2";
			developmentRegion = English;
			hasScannedForEncodings = 0;
			knownRegions = (
				en,
				Base,
			);
			mainGroup = 85F318201EE4334E004EDB15;
			productRefGroup = 85F3182A1EE4334E004EDB15 /* Products */;
			projectDirPath = "";
			projectRoot = "";
			targets = (
				85F318281EE4334E004EDB15 /* Ejercicio01Modulo4 */,
				85F3183D1EE4334F004EDB15 /* Ejercicio01Modulo4Tests */,
			);
		};
/* End PBXProject section */

/* Begin PBXResourcesBuildPhase section */
		85F318271EE4334E004EDB15 /* Resources */ = {
			isa = PBXResourcesBuildPhase;
			buildActionMask = 2147483647;
			files = (
				85F318341EE4334F004EDB15 /* Main.storyboard in Resources */,
				85F318391EE4334F004EDB15 /* LaunchScreen.xib in Resources */,
				85F318361EE4334F004EDB15 /* Images.xcassets in Resources */,
			);
			runOnlyForDeploymentPostprocessing = 0;
		};
		85F3183C1EE4334F004EDB15 /* Resources */ = {
			isa = PBXResourcesBuildPhase;
			buildActionMask = 2147483647;
			files = (
			);
			runOnlyForDeploymentPostprocessing = 0;
		};
/* End PBXResourcesBuildPhase section */

/* Begin PBXSourcesBuildPhase section */
		85F318251EE4334E004EDB15 /* Sources */ = {
			isa = PBXSourcesBuildPhase;
			buildActionMask = 2147483647;
			files = (
				85F318311EE4334F004EDB15 /* ViewController.swift in Sources */,
				85F3182F1EE4334F004EDB15 /* AppDelegate.swift in Sources */,
			);
			runOnlyForDeploymentPostprocessing = 0;
		};
		85F3183A1EE4334F004EDB15 /* Sources */ = {
			isa = PBXSourcesBuildPhase;
			buildActionMask = 2147483647;
			files = (
				85F318451EE4334F004EDB15 /* Ejercicio01Modulo4Tests.swift in Sources */,
			);
			runOnlyForDeploymentPostprocessing = 0;
		};
/* End PBXSourcesBuildPhase section */

/* Begin PBXTargetDependency section */
		85F318401EE4334F004EDB15 /* PBXTargetDependency */ = {
			isa = PBXTargetDependency;
			target = 85F318281EE4334E004EDB15 /* Ejercicio01Modulo4 */;
			targetProxy = 85F3183F1EE4334F004EDB15 /* PBXContainerItemProxy */;
		};
/* End PBXTargetDependency section */

/* Begin PBXVariantGroup section */
		85F318321EE4334F004EDB15 /* Main.storyboard */ = {
			isa = PBXVariantGroup;
			children = (
				85F318331EE4334F004EDB15 /* Base */,
			);
			name = Main.storyboard;
			sourceTree = "<group>";
		};
		85F318371EE4334F004EDB15 /* LaunchScreen.xib */ = {
			isa = PBXVariantGroup;
			children = (
				85F318381EE4334F004EDB15 /* Base */,
			);
			name = LaunchScreen.xib;
			sourceTree = "<group>";
		};
/* End PBXVariantGroup section */

/* Begin XCBuildConfiguration section */
		85F318461EE4334F004EDB15 /* Debug */ = {
			isa = XCBuildConfiguration;
			buildSettings = {
				ALWAYS_SEARCH_USER_PATHS = NO;
				CLANG_CXX_LANGUAGE_STANDARD = "gnu++0x";
				CLANG_CXX_LIBRARY = "libc++";
				CLANG_ENABLE_MODULES = YES;
				CLANG_ENABLE_OBJC_ARC = YES;
				CLANG_WARN_BOOL_CONVERSION = YES;
				CLANG_WARN_CONSTANT_CONVERSION = YES;
				CLANG_WARN_DIRECT_OBJC_ISA_USAGE = YES_ERROR;
				CLANG_WARN_EMPTY_BODY = YES;
				CLANG_WARN_ENUM_CONVERSION = YES;
				CLANG_WARN_INT_CONVERSION = YES;
				CLANG_WARN_OBJC_ROOT_CLASS = YES_ERROR;
				CLANG_WARN_UNREACHABLE_CODE = YES;
				CLANG_WARN__DUPLICATE_METHOD_MATCH = YES;
				"CODE_SIGN_IDENTITY[sdk=iphoneos*]" = "iPhone Developer";
				COPY_PHASE_STRIP = NO;
				DEBUG_INFORMATION_FORMAT = "dwarf-with-dsym";
				ENABLE_STRICT_OBJC_MSGSEND = YES;
				GCC_C_LANGUAGE_STANDARD = gnu99;
				GCC_DYNAMIC_NO_PIC = NO;
				GCC_NO_COMMON_BLOCKS = YES;
				GCC_OPTIMIZATION_LEVEL = 0;
				GCC_PREPROCESSOR_DEFINITIONS = (
					"DEBUG=1",
					"$(inherited)",
				);
				GCC_SYMBOLS_PRIVATE_EXTERN = NO;
				GCC_WARN_64_TO_32_BIT_CONVERSION = YES;
				GCC_WARN_ABOUT_RETURN_TYPE = YES_ERROR;
				GCC_WARN_UNDECLARED_SELECTOR = YES;
				GCC_WARN_UNINITIALIZED_AUTOS = YES_AGGRESSIVE;
				GCC_WARN_UNUSED_FUNCTION = YES;
				GCC_WARN_UNUSED_VARIABLE = YES;
				IPHONEOS_DEPLOYMENT_TARGET = 8.4;
				MTL_ENABLE_DEBUG_INFO = YES;
				ONLY_ACTIVE_ARCH = YES;
				SDKROOT = iphoneos;
				SWIFT_OPTIMIZATION_LEVEL = "-Onone";
			};
			name = Debug;
		};
		85F318471EE4334F004EDB15 /* Release */ = {
			isa = XCBuildConfiguration;
			buildSettings = {
				ALWAYS_SEARCH_USER_PATHS = NO;
				CLANG_CXX_LANGUAGE_STANDARD = "gnu++0x";
				CLANG_CXX_LIBRARY = "libc++";
				CLANG_ENABLE_MODULES = YES;
				CLANG_ENABLE_OBJC_ARC = YES;
				CLANG_WARN_BOOL_CONVERSION = YES;
				CLANG_WARN_CONSTANT_CONVERSION = YES;
				CLANG_WARN_DIRECT_OBJC_ISA_USAGE = YES_ERROR;
				CLANG_WARN_EMPTY_BODY = YES;
				CLANG_WARN_ENUM_CONVERSION = YES;
				CLANG_WARN_INT_CONVERSION = YES;
				CLANG_WARN_OBJC_ROOT_CLASS = YES_ERROR;
				CLANG_WARN_UNREACHABLE_CODE = YES;
				CLANG_WARN__DUPLICATE_METHOD_MATCH = YES;
				"CODE_SIGN_IDENTITY[sdk=iphoneos*]" = "iPhone Developer";
				COPY_PHASE_STRIP = NO;
				DEBUG_INFORMATION_FORMAT = "dwarf-with-dsym";
				ENABLE_NS_ASSERTIONS = NO;
				ENABLE_STRICT_OBJC_MSGSEND = YES;
				GCC_C_LANGUAGE_STANDARD = gnu99;
				GCC_NO_COMMON_BLOCKS = YES;
				GCC_WARN_64_TO_32_BIT_CONVERSION = YES;
				GCC_WARN_ABOUT_RETURN_TYPE = YES_ERROR;
				GCC_WARN_UNDECLARED_SELECTOR = YES;
				GCC_WARN_UNINITIALIZED_AUTOS = YES_AGGRESSIVE;
				GCC_WARN_UNUSED_FUNCTION = YES;
				GCC_WARN_UNUSED_VARIABLE = YES;
				IPHONEOS_DEPLOYMENT_TARGET = 8.4;
				MTL_ENABLE_DEBUG_INFO = NO;
				SDKROOT = iphoneos;
				VALIDATE_PRODUCT = YES;
			};
			name = Release;
		};
		85F318491EE4334F004EDB15 /* Debug */ = {
			isa = XCBuildConfiguration;
			buildSettings = {
				ASSETCATALOG_COMPILER_APPICON_NAME = AppIcon;
				INFOPLIST_FILE = Ejercicio01Modulo4/Info.plist;
				LD_RUNPATH_SEARCH_PATHS = "$(inherited) @executable_path/Frameworks";
				PRODUCT_NAME = "$(TARGET_NAME)";
			};
			name = Debug;
		};
		85F3184A1EE4334F004EDB15 /* Release */ = {
			isa = XCBuildConfiguration;
			buildSettings = {
				ASSETCATALOG_COMPILER_APPICON_NAME = AppIcon;
				INFOPLIST_FILE = Ejercicio01Modulo4/Info.plist;
				LD_RUNPATH_SEARCH_PATHS = "$(inherited) @executable_path/Frameworks";
				PRODUCT_NAME = "$(TARGET_NAME)";
			};
			name = Release;
		};
		85F3184C1EE4334F004EDB15 /* Debug */ = {
			isa = XCBuildConfiguration;
			buildSettings = {
				BUNDLE_LOADER = "$(TEST_HOST)";
				FRAMEWORK_SEARCH_PATHS = (
					"$(SDKROOT)/Developer/Library/Frameworks",
					"$(inherited)",
				);
				GCC_PREPROCESSOR_DEFINITIONS = (
					"DEBUG=1",
					"$(inherited)",
				);
				INFOPLIST_FILE = Ejercicio01Modulo4Tests/Info.plist;
				LD_RUNPATH_SEARCH_PATHS = "$(inherited) @executable_path/Frameworks @loader_path/Frameworks";
				PRODUCT_NAME = "$(TARGET_NAME)";
				TEST_HOST = "$(BUILT_PRODUCTS_DIR)/Ejercicio01Modulo4.app/Ejercicio01Modulo4";
			};
			name = Debug;
		};
		85F3184D1EE4334F004EDB15 /* Release */ = {
			isa = XCBuildConfiguration;
			buildSettings = {
				BUNDLE_LOADER = "$(TEST_HOST)";
				FRAMEWORK_SEARCH_PATHS = (
					"$(SDKROOT)/Developer/Library/Frameworks",
					"$(inherited)",
				);
				INFOPLIST_FILE = Ejercicio01Modulo4Tests/Info.plist;
				LD_RUNPATH_SEARCH_PATHS = "$(inherited) @executable_path/Frameworks @loader_path/Frameworks";
				PRODUCT_NAME = "$(TARGET_NAME)";
				TEST_HOST = "$(BUILT_PRODUCTS_DIR)/Ejercicio01Modulo4.app/Ejercicio01Modulo4";
			};
			name = Release;
		};
/* End XCBuildConfiguration section */

/* Begin XCConfigurationList section */
		85F318241EE4334E004EDB15 /* Build configuration list for PBXProject "Ejercicio01Modulo4" */ = {
			isa = XCConfigurationList;
			buildConfigurations = (
				85F318461EE4334F004EDB15 /* Debug */,
				85F318471EE4334F004EDB15 /* Release */,
			);
			defaultConfigurationIsVisible = 0;
			defaultConfigurationName = Release;
		};
		85F318481EE4334F004EDB15 /* Build configuration list for PBXNativeTarget "Ejercicio01Modulo4" */ = {
			isa = XCConfigurationList;
			buildConfigurations = (
				85F318491EE4334F004EDB15 /* Debug */,
				85F3184A1EE4334F004EDB15 /* Release */,
			);
			defaultConfigurationIsVisible = 0;
		};
		85F3184B1EE4334F004EDB15 /* Build configuration list for PBXNativeTarget "Ejercicio01Modulo4Tests" */ = {
			isa = XCConfigurationList;
			buildConfigurations = (
				85F3184C1EE4334F004EDB15 /* Debug */,
				85F3184D1EE4334F004EDB15 /* Release */,
			);
			defaultConfigurationIsVisible = 0;
		};
/* End XCConfigurationList section */
	};
	rootObject = 85F318211EE4334E004EDB15 /* Project object */;
}
